
Microsoft Visual Studio Solution File, Format Version 12.00
Project("{FAE04EC0-301F-11D3-BF4B-00C04F79EFBC}") = "Mikita.Many", "Mikita.Many\Mikita.Many.csproj", "{7FA9FC5F-F42F-4A45-AE81-4F9594EA9052}"
EndProject
Project("{FAE04EC0-301F-11D3-BF4B-00C04F79EFBC}") = "Mikita.Units", "Mikita.Units\Mikita.Units.csproj", "{98EC2082-A890-4EC6-8CC0-B07BAAABBB87}"
EndProject
Project("{FAE04EC0-301F-11D3-BF4B-00C04F79EFBC}") = "Mikita.Godot", "Mikita.Godot\Mikita.Godot.csproj", "{CEC8B91F-AA1B-4AB3-99B0-5F1323FB80B4}"
EndProject
Project("{FAE04EC0-301F-11D3-BF4B-00C04F79EFBC}") = "Mikita.Subroutine", "Mikita.Subroutine\Mikita.Subroutine.csproj", "{8CB9E78C-83B5-432D-9095-E5C30B66A0B9}"
EndProject
Global
	GlobalSection(SolutionConfigurationPlatforms) = preSolution
		Debug|Any CPU = Debug|Any CPU
		Release|Any CPU = Release|Any CPU
	EndGlobalSection
	GlobalSection(ProjectConfigurationPlatforms) = postSolution
		{7FA9FC5F-F42F-4A45-AE81-4F9594EA9052}.Debug|Any CPU.ActiveCfg = Debug|Any CPU
		{7FA9FC5F-F42F-4A45-AE81-4F9594EA9052}.Debug|Any CPU.Build.0 = Debug|Any CPU
		{7FA9FC5F-F42F-4A45-AE81-4F9594EA9052}.Release|Any CPU.ActiveCfg = Release|Any CPU
		{7FA9FC5F-F42F-4A45-AE81-4F9594EA9052}.Release|Any CPU.Build.0 = Release|Any CPU
		{98EC2082-A890-4EC6-8CC0-B07BAAABBB87}.Debug|Any CPU.ActiveCfg = Debug|Any CPU
		{98EC2082-A890-4EC6-8CC0-B07BAAABBB87}.Debug|Any CPU.Build.0 = Debug|Any CPU
		{98EC2082-A890-4EC6-8CC0-B07BAAABBB87}.Release|Any CPU.ActiveCfg = Release|Any CPU
		{98EC2082-A890-4EC6-8CC0-B07BAAABBB87}.Release|Any CPU.Build.0 = Release|Any CPU
		{CEC8B91F-AA1B-4AB3-99B0-5F1323FB80B4}.Debug|Any CPU.ActiveCfg = Debug|Any CPU
		{CEC8B91F-AA1B-4AB3-99B0-5F1323FB80B4}.Debug|Any CPU.Build.0 = Debug|Any CPU
		{CEC8B91F-AA1B-4AB3-99B0-5F1323FB80B4}.Release|Any CPU.ActiveCfg = Release|Any CPU
		{CEC8B91F-AA1B-4AB3-99B0-5F1323FB80B4}.Release|Any CPU.Build.0 = Release|Any CPU
		{8CB9E78C-83B5-432D-9095-E5C30B66A0B9}.Debug|Any CPU.ActiveCfg = Debug|Any CPU
		{8CB9E78C-83B5-432D-9095-E5C30B66A0B9}.Debug|Any CPU.Build.0 = Debug|Any CPU
		{8CB9E78C-83B5-432D-9095-E5C30B66A0B9}.Release|Any CPU.ActiveCfg = Release|Any CPU
		{8CB9E78C-83B5-432D-9095-E5C30B66A0B9}.Release|Any CPU.Build.0 = Release|Any CPU
	EndGlobalSection
EndGlobal
